
Microsoft Visual Studio Solution File, Format Version 12.00
# Visual Studio 15
Project("{FAE04EC0-301F-11D3-BF4B-00C04F79EFBC}") = "Assembly-CSharp", "Assembly-CSharp.csproj", "{684E8919-0AF5-84A1-BEE7-A98E60BD59A0}"
EndProject
Project("{FAE04EC0-301F-11D3-BF4B-00C04F79EFBC}") = "Assembly-CSharp-firstpass", "Assembly-CSharp-firstpass.csproj", "{D32B99F5-E877-B110-0B34-16D2DB55F251}"
EndProject
Project("{FAE04EC0-301F-11D3-BF4B-00C04F79EFBC}") = "Assembly-CSharp-Editor", "Assembly-CSharp-Editor.csproj", "{9B31D8F2-1CF1-D9E0-D5B9-8F05849F3438}"
EndProject
Project("{FAE04EC0-301F-11D3-BF4B-00C04F79EFBC}") = "Assembly-CSharp-Editor-firstpass", "Assembly-CSharp-Editor-firstpass.csproj", "{77983C83-8175-1F98-0EAE-A68DA8052189}"
EndProject
Global
	GlobalSection(SolutionConfigurationPlatforms) = preSolution
		Debug|Any CPU = Debug|Any CPU
		Release|Any CPU = Release|Any CPU
	EndGlobalSection
	GlobalSection(ProjectConfigurationPlatforms) = postSolution
		{684E8919-0AF5-84A1-BEE7-A98E60BD59A0}.Debug|Any CPU.ActiveCfg = Debug|Any CPU
		{684E8919-0AF5-84A1-BEE7-A98E60BD59A0}.Debug|Any CPU.Build.0 = Debug|Any CPU
		{684E8919-0AF5-84A1-BEE7-A98E60BD59A0}.Release|Any CPU.ActiveCfg = Release|Any CPU
		{684E8919-0AF5-84A1-BEE7-A98E60BD59A0}.Release|Any CPU.Build.0 = Release|Any CPU
		{D32B99F5-E877-B110-0B34-16D2DB55F251}.Debug|Any CPU.ActiveCfg = Debug|Any CPU
		{D32B99F5-E877-B110-0B34-16D2DB55F251}.Debug|Any CPU.Build.0 = Debug|Any CPU
		{D32B99F5-E877-B110-0B34-16D2DB55F251}.Release|Any CPU.ActiveCfg = Release|Any CPU
		{D32B99F5-E877-B110-0B34-16D2DB55F251}.Release|Any CPU.Build.0 = Release|Any CPU
		{9B31D8F2-1CF1-D9E0-D5B9-8F05849F3438}.Debug|Any CPU.ActiveCfg = Debug|Any CPU
		{9B31D8F2-1CF1-D9E0-D5B9-8F05849F3438}.Debug|Any CPU.Build.0 = Debug|Any CPU
		{9B31D8F2-1CF1-D9E0-D5B9-8F05849F3438}.Release|Any CPU.ActiveCfg = Release|Any CPU
		{9B31D8F2-1CF1-D9E0-D5B9-8F05849F3438}.Release|Any CPU.Build.0 = Release|Any CPU
		{77983C83-8175-1F98-0EAE-A68DA8052189}.Debug|Any CPU.ActiveCfg = Debug|Any CPU
		{77983C83-8175-1F98-0EAE-A68DA8052189}.Debug|Any CPU.Build.0 = Debug|Any CPU
		{77983C83-8175-1F98-0EAE-A68DA8052189}.Release|Any CPU.ActiveCfg = Release|Any CPU
		{77983C83-8175-1F98-0EAE-A68DA8052189}.Release|Any CPU.Build.0 = Release|Any CPU
	EndGlobalSection
	GlobalSection(SolutionProperties) = preSolution
		HideSolutionNode = FALSE
	EndGlobalSection
EndGlobal
